
Microsoft Visual Studio Solution File, Format Version 12.00
# Visual Studio Version 16
VisualStudioVersion = 16.0.31624.102
MinimumVisualStudioVersion = 10.0.40219.1
Project("{FAE04EC0-301F-11D3-BF4B-00C04F79EFBC}") = "ProjectSubmission", "ProjectSubmission.csproj", "{6FBF0DFB-BF40-4AEF-84C9-397820F37877}"
EndProject
Global
	GlobalSection(SolutionConfigurationPlatforms) = preSolution
		Debug|Any CPU = Debug|Any CPU
		Release|Any CPU = Release|Any CPU
	EndGlobalSection
	GlobalSection(ProjectConfigurationPlatforms) = postSolution
		{6FBF0DFB-BF40-4AEF-84C9-397820F37877}.Debug|Any CPU.ActiveCfg = Debug|Any CPU
		{6FBF0DFB-BF40-4AEF-84C9-397820F37877}.Debug|Any CPU.Build.0 = Debug|Any CPU
		{6FBF0DFB-BF40-4AEF-84C9-397820F37877}.Release|Any CPU.ActiveCfg = Release|Any CPU
		{6FBF0DFB-BF40-4AEF-84C9-397820F37877}.Release|Any CPU.Build.0 = Release|Any CPU
	EndGlobalSection
	GlobalSection(SolutionProperties) = preSolution
		HideSolutionNode = FALSE
	EndGlobalSection
	GlobalSection(ExtensibilityGlobals) = postSolution
		SolutionGuid = {062C9D09-9144-4E42-980F-99017958FC11}
	EndGlobalSection
EndGlobal
